
Microsoft Visual Studio Solution File, Format Version 12.00
# Visual Studio Version 16
VisualStudioVersion = 16.0.29728.190
MinimumVisualStudioVersion = 10.0.40219.1
Project("{FAE04EC0-301F-11D3-BF4B-00C04F79EFBC}") = "artfolio", "artfolio\artfolio.csproj", "{C6A0A5A6-FEFB-48F2-8015-3582A62DA77B}"
EndProject
Global
	GlobalSection(SolutionConfigurationPlatforms) = preSolution
		Debug|Any CPU = Debug|Any CPU
		Release|Any CPU = Release|Any CPU
	EndGlobalSection
	GlobalSection(ProjectConfigurationPlatforms) = postSolution
		{C6A0A5A6-FEFB-48F2-8015-3582A62DA77B}.Debug|Any CPU.ActiveCfg = Debug|Any CPU
		{C6A0A5A6-FEFB-48F2-8015-3582A62DA77B}.Debug|Any CPU.Build.0 = Debug|Any CPU
		{C6A0A5A6-FEFB-48F2-8015-3582A62DA77B}.Release|Any CPU.ActiveCfg = Release|Any CPU
		{C6A0A5A6-FEFB-48F2-8015-3582A62DA77B}.Release|Any CPU.Build.0 = Release|Any CPU
	EndGlobalSection
	GlobalSection(SolutionProperties) = preSolution
		HideSolutionNode = FALSE
	EndGlobalSection
	GlobalSection(ExtensibilityGlobals) = postSolution
		SolutionGuid = {DB2DFEF8-9F01-4036-8102-14FEC0806E1B}
	EndGlobalSection
EndGlobal
