
Microsoft Visual Studio Solution File, Format Version 12.00
# Visual Studio Version 16
VisualStudioVersion = 16.0.29728.190
MinimumVisualStudioVersion = 10.0.40219.1
Project("{9A19103F-16F7-4668-BE54-9A1E7A4F7556}") = "artfolio", "artfolio\artfolio.csproj", "{A38B7FD4-9B6A-4266-9B9D-A81644A12240}"
EndProject
Global
	GlobalSection(SolutionConfigurationPlatforms) = preSolution
		Debug|Any CPU = Debug|Any CPU
		Release|Any CPU = Release|Any CPU
	EndGlobalSection
	GlobalSection(ProjectConfigurationPlatforms) = postSolution
		{A38B7FD4-9B6A-4266-9B9D-A81644A12240}.Debug|Any CPU.ActiveCfg = Debug|Any CPU
		{A38B7FD4-9B6A-4266-9B9D-A81644A12240}.Debug|Any CPU.Build.0 = Debug|Any CPU
		{A38B7FD4-9B6A-4266-9B9D-A81644A12240}.Release|Any CPU.ActiveCfg = Release|Any CPU
		{A38B7FD4-9B6A-4266-9B9D-A81644A12240}.Release|Any CPU.Build.0 = Release|Any CPU
	EndGlobalSection
	GlobalSection(SolutionProperties) = preSolution
		HideSolutionNode = FALSE
	EndGlobalSection
	GlobalSection(ExtensibilityGlobals) = postSolution
		SolutionGuid = {DB2DFEF8-9F01-4036-8102-14FEC0806E1B}
	EndGlobalSection
EndGlobal
